# This file was autogenerated by Stack.
# You should not edit this file by hand.
# For more information, please see the documentation at:
#   https://docs.haskellstack.org/en/stable/lock_files

packages:
- completed:
    hackage: hpp-0.6.2@sha256:aa75b0471c0a8f68ccf823da37ea88b4187829972dc951651805a3722293a001,1969
    pantry-tree:
      size: 1357
      sha256: c85fba4149618ab38a1eb2d369d46d78a58a2729cfcf9be93ff36936e6b9ffe5
  original:
    hackage: hpp-0.6.2
snapshots:
- completed:
    size: 492015
    url: https://raw.githubusercontent.com/commercialhaskell/stackage-snapshots/master/lts/15/8.yaml
    sha256: 926bc3d70249dd0ba05277ff00943c0addb35b627cb641752669e7cf771310d0
  original: lts-15.8
